// !$*UTF8*$!
{
	archiveVersion = 1;
	classes = {
	};
	objectVersion = 77;
	objects = {

/* Begin PBXBuildFile section */
		E1EF9EDC2EE32D8D00F60ACB /* FirebaseAnalytics in Frameworks */ = {isa = PBXBuildFile; productRef = E1EF9EDB2EE32D8D00F60ACB /* FirebaseAnalytics */; };
		E1EF9EDE2EE32D8D00F60ACB /* FirebaseAuth in Frameworks */ = {isa = PBXBuildFile; productRef = E1EF9EDD2EE32D8D00F60ACB /* FirebaseAuth */; };
		E1EF9EE02EE32D8D00F60ACB /* FirebaseDatabase in Frameworks */ = {isa = PBXBuildFile; productRef = E1EF9EDF2EE32D8D00F60ACB /* FirebaseDatabase */; };
		E1EF9EE22EE32D8D00F60ACB /* FirebaseFirestore in Frameworks */ = {isa = PBXBuildFile; productRef = E1EF9EE12EE32D8D00F60ACB /* FirebaseFirestore */; };
		E1EF9EE42EE32D8D00F60ACB /* FirebaseFirestoreSwift in Frameworks */ = {isa = PBXBuildFile; productRef = E1EF9EE32EE32D8D00F60ACB /* FirebaseFirestoreSwift */; };
		E1EF9EE62EE32D8D00F60ACB /* FirebaseStorage in Frameworks */ = {isa = PBXBuildFile; productRef = E1EF9EE52EE32D8D00F60ACB /* FirebaseStorage */; };
		E1EF9EE92EE32DFC00F60ACB /* GoogleSignIn in Frameworks */ = {isa = PBXBuildFile; productRef = E1EF9EE82EE32DFC00F60ACB /* GoogleSignIn */; };
		E1EF9EEB2EE32DFC00F60ACB /* GoogleSignInSwift in Frameworks */ = {isa = PBXBuildFile; productRef = E1EF9EEA2EE32DFC00F60ACB /* GoogleSignInSwift */; };
/* End PBXBuildFile section */

/* Begin PBXFileReference section */
		E1BE40132E05849B005C45DF /* Dogfood.app */ = {isa = PBXFileReference; explicitFileType = wrapper.application; includeInIndex = 0; path = Dogfood.app; sourceTree = BUILT_PRODUCTS_DIR; };
/* End PBXFileReference section */

/* Begin PBXFileSystemSynchronizedBuildFileExceptionSet section */
		E18E34C22E571E3F009D0708 /* Exceptions for "Dogfood" folder in "Dogfood" target */ = {
			isa = PBXFileSystemSynchronizedBuildFileExceptionSet;
			membershipExceptions = (
				Info.plist,
			);
			target = E1BE40122E05849B005C45DF /* Dogfood */;
		};
/* End PBXFileSystemSynchronizedBuildFileExceptionSet section */

/* Begin PBXFileSystemSynchronizedRootGroup section */
		E1BE40152E05849B005C45DF /* Dogfood */ = {
			isa = PBXFileSystemSynchronizedRootGroup;
			exceptions = (
				E18E34C22E571E3F009D0708 /* Exceptions for "Dogfood" folder in "Dogfood" target */,
			);
			path = Dogfood;
			sourceTree = "<group>";
		};
/* End PBXFileSystemSynchronizedRootGroup section */

/* Begin PBXFrameworksBuildPhase section */
		E1BE40102E05849B005C45DF /* Frameworks */ = {
			isa = PBXFrameworksBuildPhase;
			buildActionMask = 2147483647;
			files = (
				E1EF9EE42EE32D8D00F60ACB /* FirebaseFirestoreSwift in Frameworks */,
				E1EF9EE02EE32D8D00F60ACB /* FirebaseDatabase in Frameworks */,
				E1EF9EE22EE32D8D00F60ACB /* FirebaseFirestore in Frameworks */,
				E1EF9EEB2EE32DFC00F60ACB /* GoogleSignInSwift in Frameworks */,
				E1EF9EDC2EE32D8D00F60ACB /* FirebaseAnalytics in Frameworks */,
				E1EF9EDE2EE32D8D00F60ACB /* FirebaseAuth in Frameworks */,
				E1EF9EE62EE32D8D00F60ACB /* FirebaseStorage in Frameworks */,
				E1EF9EE92EE32DFC00F60ACB /* GoogleSignIn in Frameworks */,
			);
			runOnlyForDeploymentPostprocessing = 0;
		};
/* End PBXFrameworksBuildPhase section */

/* Begin PBXGroup section */
		E1BE400A2E05849B005C45DF = {
			isa = PBXGroup;
			children = (
				E1BE40152E05849B005C45DF /* Dogfood */,
				E1BE40142E05849B005C45DF /* Products */,
			);
			sourceTree = "<group>";
		};
		E1BE40142E05849B005C45DF /* Products */ = {
			isa = PBXGroup;
			children = (
				E1BE40132E05849B005C45DF /* Dogfood.app */,
			);
			name = Products;
			sourceTree = "<group>";
		};
/* End PBXGroup section */

/* Begin PBXNativeTarget section */
		E1BE40122E05849B005C45DF /* Dogfood */ = {
			isa = PBXNativeTarget;
			buildConfigurationList = E1BE401E2E05849C005C45DF /* Build configuration list for PBXNativeTarget "Dogfood" */;
			buildPhases = (
				E1BE400F2E05849B005C45DF /* Sources */,
				E1BE40102E05849B005C45DF /* Frameworks */,
				E1BE40112E05849B005C45DF /* Resources */,
			);
			buildRules = (
			);
			dependencies = (
			);
			fileSystemSynchronizedGroups = (
				E1BE40152E05849B005C45DF /* Dogfood */,
			);
			name = Dogfood;
			packageProductDependencies = (
				E1EF9EDB2EE32D8D00F60ACB /* FirebaseAnalytics */,
				E1EF9EDD2EE32D8D00F60ACB /* FirebaseAuth */,
				E1EF9EDF2EE32D8D00F60ACB /* FirebaseDatabase */,
				E1EF9EE12EE32D8D00F60ACB /* FirebaseFirestore */,
				E1EF9EE32EE32D8D00F60ACB /* FirebaseFirestoreSwift */,
				E1EF9EE52EE32D8D00F60ACB /* FirebaseStorage */,
				E1EF9EE82EE32DFC00F60ACB /* GoogleSignIn */,
				E1EF9EEA2EE32DFC00F60ACB /* GoogleSignInSwift */,
			);
			productName = Dogfood;
			productReference = E1BE40132E05849B005C45DF /* Dogfood.app */;
			productType = "com.apple.product-type.application";
		};
/* End PBXNativeTarget section */

/* Begin PBXProject section */
		E1BE400B2E05849B005C45DF /* Project object */ = {
			isa = PBXProject;
			attributes = {
				BuildIndependentTargetsInParallel = 1;
				LastSwiftUpdateCheck = 1630;
				LastUpgradeCheck = 1630;
				TargetAttributes = {
					E1BE40122E05849B005C45DF = {
						CreatedOnToolsVersion = 16.3;
					};
				};
			};
			buildConfigurationList = E1BE400E2E05849B005C45DF /* Build configuration list for PBXProject "Dogfood" */;
			developmentRegion = en;
			hasScannedForEncodings = 0;
			knownRegions = (
				en,
				Base,
			);
			mainGroup = E1BE400A2E05849B005C45DF;
			minimizedProjectReferenceProxies = 1;
			packageReferences = (
				E1EF9EDA2EE32D8D00F60ACB /* XCRemoteSwiftPackageReference "firebase-ios-sdk" */,
				E1EF9EE72EE32DFC00F60ACB /* XCRemoteSwiftPackageReference "GoogleSignIn-iOS" */,
			);
			preferredProjectObjectVersion = 77;
			productRefGroup = E1BE40142E05849B005C45DF /* Products */;
			projectDirPath = "";
			projectRoot = "";
			targets = (
				E1BE40122E05849B005C45DF /* Dogfood */,
			);
		};
/* End PBXProject section */

/* Begin PBXResourcesBuildPhase section */
		E1BE40112E05849B005C45DF /* Resources */ = {
			isa = PBXResourcesBuildPhase;
			buildActionMask = 2147483647;
			files = (
			);
			runOnlyForDeploymentPostprocessing = 0;
		};
/* End PBXResourcesBuildPhase section */

/* Begin PBXSourcesBuildPhase section */
		E1BE400F2E05849B005C45DF /* Sources */ = {
			isa = PBXSourcesBuildPhase;
			buildActionMask = 2147483647;
			files = (
			);
			runOnlyForDeploymentPostprocessing = 0;
		};
/* End PBXSourcesBuildPhase section */

/* Begin XCBuildConfiguration section */
		E1BE401C2E05849C005C45DF /* Debug */ = {
			isa = XCBuildConfiguration;
			buildSettings = {
				ALWAYS_SEARCH_USER_PATHS = NO;
				ASSETCATALOG_COMPILER_GENERATE_SWIFT_ASSET_SYMBOL_EXTENSIONS = YES;
				CLANG_ANALYZER_NONNULL = YES;
				CLANG_ANALYZER_NUMBER_OBJECT_CONVERSION = YES_AGGRESSIVE;
				CLANG_CXX_LANGUAGE_STANDARD = "gnu++20";
				CLANG_ENABLE_MODULES = YES;
				CLANG_ENABLE_OBJC_ARC = YES;
				CLANG_ENABLE_OBJC_WEAK = YES;
				CLANG_WARN_BLOCK_CAPTURE_AUTORELEASING = YES;
				CLANG_WARN_BOOL_CONVERSION = YES;
				CLANG_WARN_COMMA = YES;
				CLANG_WARN_CONSTANT_CONVERSION = YES;
				CLANG_WARN_DEPRECATED_OBJC_IMPLEMENTATIONS = YES;
				CLANG_WARN_DIRECT_OBJC_ISA_USAGE = YES_ERROR;
				CLANG_WARN_DOCUMENTATION_COMMENTS = YES;
				CLANG_WARN_EMPTY_BODY = YES;
				CLANG_WARN_ENUM_CONVERSION = YES;
				CLANG_WARN_INFINITE_RECURSION = YES;
				CLANG_WARN_INT_CONVERSION = YES;
				CLANG_WARN_NON_LITERAL_NULL_CONVERSION = YES;
				CLANG_WARN_OBJC_IMPLICIT_RETAIN_SELF = YES;
				CLANG_WARN_OBJC_LITERAL_CONVERSION = YES;
				CLANG_WARN_OBJC_ROOT_CLASS = YES_ERROR;
				CLANG_WARN_QUOTED_INCLUDE_IN_FRAMEWORK_HEADER = YES;
				CLANG_WARN_RANGE_LOOP_ANALYSIS = YES;
				CLANG_WARN_STRICT_PROTOTYPES = YES;
				CLANG_WARN_SUSPICIOUS_MOVE = YES;
				CLANG_WARN_UNGUARDED_AVAILABILITY = YES_AGGRESSIVE;
				CLANG_WARN_UNREACHABLE_CODE = YES;
				CLANG_WARN__DUPLICATE_METHOD_MATCH = YES;
				COPY_PHASE_STRIP = NO;
				DEBUG_INFORMATION_FORMAT = dwarf;
				ENABLE_STRICT_OBJC_MSGSEND = YES;
				ENABLE_TESTABILITY = YES;
				ENABLE_USER_SCRIPT_SANDBOXING = YES;
				GCC_C_LANGUAGE_STANDARD = gnu17;
				GCC_DYNAMIC_NO_PIC = NO;
				GCC_NO_COMMON_BLOCKS = YES;
				GCC_OPTIMIZATION_LEVEL = 0;
				GCC_PREPROCESSOR_DEFINITIONS = (
					"DEBUG=1",
					"$(inherited)",
				);
				GCC_WARN_64_TO_32_BIT_CONVERSION = YES;
				GCC_WARN_ABOUT_RETURN_TYPE = YES_ERROR;
				GCC_WARN_UNDECLARED_SELECTOR = YES;
				GCC_WARN_UNINITIALIZED_AUTOS = YES_AGGRESSIVE;
				GCC_WARN_UNUSED_FUNCTION = YES;
				GCC_WARN_UNUSED_VARIABLE = YES;
				IPHONEOS_DEPLOYMENT_TARGET = 18.4;
				LOCALIZATION_PREFERS_STRING_CATALOGS = YES;
				MTL_ENABLE_DEBUG_INFO = INCLUDE_SOURCE;
				MTL_FAST_MATH = YES;
				ONLY_ACTIVE_ARCH = YES;
				SDKROOT = iphoneos;
				SWIFT_ACTIVE_COMPILATION_CONDITIONS = "DEBUG $(inherited)";
				SWIFT_OPTIMIZATION_LEVEL = "-Onone";
			};
			name = Debug;
		};
		E1BE401D2E05849C005C45DF /* Release */ = {
			isa = XCBuildConfiguration;
			buildSettings = {
				ALWAYS_SEARCH_USER_PATHS = NO;
				ASSETCATALOG_COMPILER_GENERATE_SWIFT_ASSET_SYMBOL_EXTENSIONS = YES;
				CLANG_ANALYZER_NONNULL = YES;
				CLANG_ANALYZER_NUMBER_OBJECT_CONVERSION = YES_AGGRESSIVE;
				CLANG_CXX_LANGUAGE_STANDARD = "gnu++20";
				CLANG_ENABLE_MODULES = YES;
				CLANG_ENABLE_OBJC_ARC = YES;
				CLANG_ENABLE_OBJC_WEAK = YES;
				CLANG_WARN_BLOCK_CAPTURE_AUTORELEASING = YES;
				CLANG_WARN_BOOL_CONVERSION = YES;
				CLANG_WARN_COMMA = YES;
				CLANG_WARN_CONSTANT_CONVERSION = YES;
				CLANG_WARN_DEPRECATED_OBJC_IMPLEMENTATIONS = YES;
				CLANG_WARN_DIRECT_OBJC_ISA_USAGE = YES_ERROR;
				CLANG_WARN_DOCUMENTATION_COMMENTS = YES;
				CLANG_WARN_EMPTY_BODY = YES;
				CLANG_WARN_ENUM_CONVERSION = YES;
				CLANG_WARN_INFINITE_RECURSION = YES;
				CLANG_WARN_INT_CONVERSION = YES;
				CLANG_WARN_NON_LITERAL_NULL_CONVERSION = YES;
				CLANG_WARN_OBJC_IMPLICIT_RETAIN_SELF = YES;
				CLANG_WARN_OBJC_LITERAL_CONVERSION = YES;
				CLANG_WARN_OBJC_ROOT_CLASS = YES_ERROR;
				CLANG_WARN_QUOTED_INCLUDE_IN_FRAMEWORK_HEADER = YES;
				CLANG_WARN_RANGE_LOOP_ANALYSIS = YES;
				CLANG_WARN_STRICT_PROTOTYPES = YES;
				CLANG_WARN_SUSPICIOUS_MOVE = YES;
				CLANG_WARN_UNGUARDED_AVAILABILITY = YES_AGGRESSIVE;
				CLANG_WARN_UNREACHABLE_CODE = YES;
				CLANG_WARN__DUPLICATE_METHOD_MATCH = YES;
				COPY_PHASE_STRIP = NO;
				DEBUG_INFORMATION_FORMAT = "dwarf-with-dsym";
				ENABLE_NS_ASSERTIONS = NO;
				ENABLE_STRICT_OBJC_MSGSEND = YES;
				ENABLE_USER_SCRIPT_SANDBOXING = YES;
				GCC_C_LANGUAGE_STANDARD = gnu17;
				GCC_NO_COMMON_BLOCKS = YES;
				GCC_WARN_64_TO_32_BIT_CONVERSION = YES;
				GCC_WARN_ABOUT_RETURN_TYPE = YES_ERROR;
				GCC_WARN_UNDECLARED_SELECTOR = YES;
				GCC_WARN_UNINITIALIZED_AUTOS = YES_AGGRESSIVE;
				GCC_WARN_UNUSED_FUNCTION = YES;
				GCC_WARN_UNUSED_VARIABLE = YES;
				IPHONEOS_DEPLOYMENT_TARGET = 18.4;
				LOCALIZATION_PREFERS_STRING_CATALOGS = YES;
				MTL_ENABLE_DEBUG_INFO = NO;
				MTL_FAST_MATH = YES;
				SDKROOT = iphoneos;
				SWIFT_COMPILATION_MODE = wholemodule;
				VALIDATE_PRODUCT = YES;
			};
			name = Release;
		};
		E1BE401F2E05849C005C45DF /* Debug */ = {
			isa = XCBuildConfiguration;
			buildSettings = {
				ASSETCATALOG_COMPILER_APPICON_NAME = AppIcon;
				ASSETCATALOG_COMPILER_GLOBAL_ACCENT_COLOR_NAME = AccentColor;
				CODE_SIGN_STYLE = Automatic;
				CURRENT_PROJECT_VERSION = 1;
				DEVELOPMENT_TEAM = 864F9PABS2;
				ENABLE_PREVIEWS = YES;
				GENERATE_INFOPLIST_FILE = YES;
				INFOPLIST_FILE = Dogfood/Info.plist;
				INFOPLIST_KEY_UIApplicationSceneManifest_Generation = YES;
				INFOPLIST_KEY_UIApplicationSupportsIndirectInputEvents = YES;
				INFOPLIST_KEY_UILaunchScreen_Generation = YES;
				INFOPLIST_KEY_UISupportedInterfaceOrientations_iPad = "UIInterfaceOrientationPortrait UIInterfaceOrientationPortraitUpsideDown UIInterfaceOrientationLandscapeLeft UIInterfaceOrientationLandscapeRight";
				INFOPLIST_KEY_UISupportedInterfaceOrientations_iPhone = "UIInterfaceOrientationPortrait UIInterfaceOrientationLandscapeLeft UIInterfaceOrientationLandscapeRight";
				INFOPLIST_KEY_UIUserInterfaceStyle = Light;
				IPHONEOS_DEPLOYMENT_TARGET = 16.6;
				LD_RUNPATH_SEARCH_PATHS = (
					"$(inherited)",
					"@executable_path/Frameworks",
				);
				MARKETING_VERSION = 1.0;
				PRODUCT_BUNDLE_IDENTIFIER = com.takumi.Dogfood;
				PRODUCT_NAME = "$(TARGET_NAME)";
				SWIFT_EMIT_LOC_STRINGS = YES;
				SWIFT_VERSION = 5.0;
				TARGETED_DEVICE_FAMILY = "1,2";
			};
			name = Debug;
		};
		E1BE40202E05849C005C45DF /* Release */ = {
			isa = XCBuildConfiguration;
			buildSettings = {
				ASSETCATALOG_COMPILER_APPICON_NAME = AppIcon;
				ASSETCATALOG_COMPILER_GLOBAL_ACCENT_COLOR_NAME = AccentColor;
				CODE_SIGN_STYLE = Automatic;
				CURRENT_PROJECT_VERSION = 1;
				DEVELOPMENT_TEAM = 864F9PABS2;
				ENABLE_PREVIEWS = YES;
				GENERATE_INFOPLIST_FILE = YES;
				INFOPLIST_FILE = Dogfood/Info.plist;
				INFOPLIST_KEY_UIApplicationSceneManifest_Generation = YES;
				INFOPLIST_KEY_UIApplicationSupportsIndirectInputEvents = YES;
				INFOPLIST_KEY_UILaunchScreen_Generation = YES;
				INFOPLIST_KEY_UISupportedInterfaceOrientations_iPad = "UIInterfaceOrientationPortrait UIInterfaceOrientationPortraitUpsideDown UIInterfaceOrientationLandscapeLeft UIInterfaceOrientationLandscapeRight";
				INFOPLIST_KEY_UISupportedInterfaceOrientations_iPhone = "UIInterfaceOrientationPortrait UIInterfaceOrientationLandscapeLeft UIInterfaceOrientationLandscapeRight";
				INFOPLIST_KEY_UIUserInterfaceStyle = Light;
				IPHONEOS_DEPLOYMENT_TARGET = 16.6;
				LD_RUNPATH_SEARCH_PATHS = (
					"$(inherited)",
					"@executable_path/Frameworks",
				);
				MARKETING_VERSION = 1.0;
				PRODUCT_BUNDLE_IDENTIFIER = com.takumi.Dogfood;
				PRODUCT_NAME = "$(TARGET_NAME)";
				SWIFT_EMIT_LOC_STRINGS = YES;
				SWIFT_VERSION = 5.0;
				TARGETED_DEVICE_FAMILY = "1,2";
			};
			name = Release;
		};
/* End XCBuildConfiguration section */

/* Begin XCConfigurationList section */
		E1BE400E2E05849B005C45DF /* Build configuration list for PBXProject "Dogfood" */ = {
			isa = XCConfigurationList;
			buildConfigurations = (
				E1BE401C2E05849C005C45DF /* Debug */,
				E1BE401D2E05849C005C45DF /* Release */,
			);
			defaultConfigurationIsVisible = 0;
			defaultConfigurationName = Release;
		};
		E1BE401E2E05849C005C45DF /* Build configuration list for PBXNativeTarget "Dogfood" */ = {
			isa = XCConfigurationList;
			buildConfigurations = (
				E1BE401F2E05849C005C45DF /* Debug */,
				E1BE40202E05849C005C45DF /* Release */,
			);
			defaultConfigurationIsVisible = 0;
			defaultConfigurationName = Release;
		};
/* End XCConfigurationList section */

/* Begin XCRemoteSwiftPackageReference section */
		E1EF9EDA2EE32D8D00F60ACB /* XCRemoteSwiftPackageReference "firebase-ios-sdk" */ = {
			isa = XCRemoteSwiftPackageReference;
			repositoryURL = "https://github.com/firebase/firebase-ios-sdk.git";
			requirement = {
				kind = upToNextMajorVersion;
				minimumVersion = 10.15.0;
			};
		};
		E1EF9EE72EE32DFC00F60ACB /* XCRemoteSwiftPackageReference "GoogleSignIn-iOS" */ = {
			isa = XCRemoteSwiftPackageReference;
			repositoryURL = "https://github.com/google/GoogleSignIn-iOS.git";
			requirement = {
				kind = upToNextMajorVersion;
				minimumVersion = 7.0.0;
			};
		};
/* End XCRemoteSwiftPackageReference section */

/* Begin XCSwiftPackageProductDependency section */
		E1EF9EDB2EE32D8D00F60ACB /* FirebaseAnalytics */ = {
			isa = XCSwiftPackageProductDependency;
			package = E1EF9EDA2EE32D8D00F60ACB /* XCRemoteSwiftPackageReference "firebase-ios-sdk" */;
			productName = FirebaseAnalytics;
		};
		E1EF9EDD2EE32D8D00F60ACB /* FirebaseAuth */ = {
			isa = XCSwiftPackageProductDependency;
			package = E1EF9EDA2EE32D8D00F60ACB /* XCRemoteSwiftPackageReference "firebase-ios-sdk" */;
			productName = FirebaseAuth;
		};
		E1EF9EDF2EE32D8D00F60ACB /* FirebaseDatabase */ = {
			isa = XCSwiftPackageProductDependency;
			package = E1EF9EDA2EE32D8D00F60ACB /* XCRemoteSwiftPackageReference "firebase-ios-sdk" */;
			productName = FirebaseDatabase;
		};
		E1EF9EE12EE32D8D00F60ACB /* FirebaseFirestore */ = {
			isa = XCSwiftPackageProductDependency;
			package = E1EF9EDA2EE32D8D00F60ACB /* XCRemoteSwiftPackageReference "firebase-ios-sdk" */;
			productName = FirebaseFirestore;
		};
		E1EF9EE32EE32D8D00F60ACB /* FirebaseFirestoreSwift */ = {
			isa = XCSwiftPackageProductDependency;
			package = E1EF9EDA2EE32D8D00F60ACB /* XCRemoteSwiftPackageReference "firebase-ios-sdk" */;
			productName = FirebaseFirestoreSwift;
		};
		E1EF9EE52EE32D8D00F60ACB /* FirebaseStorage */ = {
			isa = XCSwiftPackageProductDependency;
			package = E1EF9EDA2EE32D8D00F60ACB /* XCRemoteSwiftPackageReference "firebase-ios-sdk" */;
			productName = FirebaseStorage;
		};
		E1EF9EE82EE32DFC00F60ACB /* GoogleSignIn */ = {
			isa = XCSwiftPackageProductDependency;
			package = E1EF9EE72EE32DFC00F60ACB /* XCRemoteSwiftPackageReference "GoogleSignIn-iOS" */;
			productName = GoogleSignIn;
		};
		E1EF9EEA2EE32DFC00F60ACB /* GoogleSignInSwift */ = {
			isa = XCSwiftPackageProductDependency;
			package = E1EF9EE72EE32DFC00F60ACB /* XCRemoteSwiftPackageReference "GoogleSignIn-iOS" */;
			productName = GoogleSignInSwift;
		};
/* End XCSwiftPackageProductDependency section */
	};
	rootObject = E1BE400B2E05849B005C45DF /* Project object */;
}
